
Microsoft Visual Studio Solution File, Format Version 12.00
# Visual Studio Version 17
VisualStudioVersion = 17.0.32002.185
MinimumVisualStudioVersion = 10.0.40219.1
Project("{FAE04EC0-301F-11D3-BF4B-00C04F79EFBC}") = "Lab 6 Shopping List", "Lab 6 Shopping List\Lab 6 Shopping List.csproj", "{325B1494-2F94-4930-A357-B1BF580867BF}"
EndProject
Global
	GlobalSection(SolutionConfigurationPlatforms) = preSolution
		Debug|Any CPU = Debug|Any CPU
		Release|Any CPU = Release|Any CPU
	EndGlobalSection
	GlobalSection(ProjectConfigurationPlatforms) = postSolution
		{325B1494-2F94-4930-A357-B1BF580867BF}.Debug|Any CPU.ActiveCfg = Debug|Any CPU
		{325B1494-2F94-4930-A357-B1BF580867BF}.Debug|Any CPU.Build.0 = Debug|Any CPU
		{325B1494-2F94-4930-A357-B1BF580867BF}.Release|Any CPU.ActiveCfg = Release|Any CPU
		{325B1494-2F94-4930-A357-B1BF580867BF}.Release|Any CPU.Build.0 = Release|Any CPU
	EndGlobalSection
	GlobalSection(SolutionProperties) = preSolution
		HideSolutionNode = FALSE
	EndGlobalSection
	GlobalSection(ExtensibilityGlobals) = postSolution
		SolutionGuid = {37975FFB-7AAC-4AF1-9F57-0868B8BCBCD8}
	EndGlobalSection
EndGlobal
